// !$*UTF8*$!
{
	archiveVersion = 1;
	classes = {
	};
	objectVersion = 46;
	objects = {

/* Begin PBXBuildFile section */
		C92B32101F4F591E00C165B0 /* main.m in Sources */ = {isa = PBXBuildFile; fileRef = C92B320F1F4F591E00C165B0 /* main.m */; };
		C92B32131F4F591E00C165B0 /* AppDelegate.m in Sources */ = {isa = PBXBuildFile; fileRef = C92B32121F4F591E00C165B0 /* AppDelegate.m */; };
		C92B321B1F4F591E00C165B0 /* Assets.xcassets in Resources */ = {isa = PBXBuildFile; fileRef = C92B321A1F4F591E00C165B0 /* Assets.xcassets */; };
		C92B321E1F4F591E00C165B0 /* LaunchScreen.storyboard in Resources */ = {isa = PBXBuildFile; fileRef = C92B321C1F4F591E00C165B0 /* LaunchScreen.storyboard */; };
		C92B323E1F4F59BB00C165B0 /* Main.storyboard in Resources */ = {isa = PBXBuildFile; fileRef = C92B323D1F4F59BB00C165B0 /* Main.storyboard */; };
		C92B32451F4F59CF00C165B0 /* DateViewController.m in Sources */ = {isa = PBXBuildFile; fileRef = C92B32401F4F59CF00C165B0 /* DateViewController.m */; };
		C92B32461F4F59CF00C165B0 /* ListTableViewController.m in Sources */ = {isa = PBXBuildFile; fileRef = C92B32421F4F59CF00C165B0 /* ListTableViewController.m */; };
		C9705FAD1F52D8F0006B4CE6 /* StatTableViewController.m in Sources */ = {isa = PBXBuildFile; fileRef = C9705FAC1F52D8F0006B4CE6 /* StatTableViewController.m */; };
		C9705FB11F534806006B4CE6 /* SWRevealViewController.m in Sources */ = {isa = PBXBuildFile; fileRef = C9705FB01F534806006B4CE6 /* SWRevealViewController.m */; };
		C97F05081F547E9A000CB5ED /* BarsViewController.m in Sources */ = {isa = PBXBuildFile; fileRef = C97F05071F547E9A000CB5ED /* BarsViewController.m */; };
		C97F050B1F5482F2000CB5ED /* LineViewController.m in Sources */ = {isa = PBXBuildFile; fileRef = C97F050A1F5482F2000CB5ED /* LineViewController.m */; };
		C97F050E1F5493F6000CB5ED /* PieViewController.m in Sources */ = {isa = PBXBuildFile; fileRef = C97F050D1F5493F6000CB5ED /* PieViewController.m */; };
		C97F054D1F55B722000CB5ED /* ServerManager.m in Sources */ = {isa = PBXBuildFile; fileRef = C97F054C1F55B722000CB5ED /* ServerManager.m */; };
		C97F05501F55E1BA000CB5ED /* Person.m in Sources */ = {isa = PBXBuildFile; fileRef = C97F054F1F55E1BA000CB5ED /* Person.m */; };
		E291715BFAD050A3D65B0AEE /* libPods-Brixham One.a in Frameworks */ = {isa = PBXBuildFile; fileRef = BDEB8B7E0FD0FE9DC0C4BB65 /* libPods-Brixham One.a */; };
/* End PBXBuildFile section */

/* Begin PBXFileReference section */
		8A427D8D32E39ACE47F4C864 /* Pods-Brixham One.release.xcconfig */ = {isa = PBXFileReference; includeInIndex = 1; lastKnownFileType = text.xcconfig; name = "Pods-Brixham One.release.xcconfig"; path = "Pods/Target Support Files/Pods-Brixham One/Pods-Brixham One.release.xcconfig"; sourceTree = "<group>"; };
		BDEB8B7E0FD0FE9DC0C4BB65 /* libPods-Brixham One.a */ = {isa = PBXFileReference; explicitFileType = archive.ar; includeInIndex = 0; path = "libPods-Brixham One.a"; sourceTree = BUILT_PRODUCTS_DIR; };
		C75C8FA8F0FDD54897E762B2 /* Pods-Brixham One.debug.xcconfig */ = {isa = PBXFileReference; includeInIndex = 1; lastKnownFileType = text.xcconfig; name = "Pods-Brixham One.debug.xcconfig"; path = "Pods/Target Support Files/Pods-Brixham One/Pods-Brixham One.debug.xcconfig"; sourceTree = "<group>"; };
		C92B320B1F4F591E00C165B0 /* Brixham One.app */ = {isa = PBXFileReference; explicitFileType = wrapper.application; includeInIndex = 0; path = "Brixham One.app"; sourceTree = BUILT_PRODUCTS_DIR; };
		C92B320F1F4F591E00C165B0 /* main.m */ = {isa = PBXFileReference; lastKnownFileType = sourcecode.c.objc; path = main.m; sourceTree = "<group>"; };
		C92B32111F4F591E00C165B0 /* AppDelegate.h */ = {isa = PBXFileReference; lastKnownFileType = sourcecode.c.h; path = AppDelegate.h; sourceTree = "<group>"; };
		C92B32121F4F591E00C165B0 /* AppDelegate.m */ = {isa = PBXFileReference; lastKnownFileType = sourcecode.c.objc; path = AppDelegate.m; sourceTree = "<group>"; };
		C92B321A1F4F591E00C165B0 /* Assets.xcassets */ = {isa = PBXFileReference; lastKnownFileType = folder.assetcatalog; path = Assets.xcassets; sourceTree = "<group>"; };
		C92B321D1F4F591E00C165B0 /* Base */ = {isa = PBXFileReference; lastKnownFileType = file.storyboard; name = Base; path = Base.lproj/LaunchScreen.storyboard; sourceTree = "<group>"; };
		C92B321F1F4F591E00C165B0 /* Info.plist */ = {isa = PBXFileReference; lastKnownFileType = text.plist.xml; path = Info.plist; sourceTree = "<group>"; };
		C92B323D1F4F59BB00C165B0 /* Main.storyboard */ = {isa = PBXFileReference; fileEncoding = 4; lastKnownFileType = file.storyboard; path = Main.storyboard; sourceTree = "<group>"; };
		C92B323F1F4F59CF00C165B0 /* DateViewController.h */ = {isa = PBXFileReference; fileEncoding = 4; lastKnownFileType = sourcecode.c.h; path = DateViewController.h; sourceTree = "<group>"; };
		C92B32401F4F59CF00C165B0 /* DateViewController.m */ = {isa = PBXFileReference; fileEncoding = 4; lastKnownFileType = sourcecode.c.objc; path = DateViewController.m; sourceTree = "<group>"; };
		C92B32411F4F59CF00C165B0 /* ListTableViewController.h */ = {isa = PBXFileReference; fileEncoding = 4; lastKnownFileType = sourcecode.c.h; path = ListTableViewController.h; sourceTree = "<group>"; };
		C92B32421F4F59CF00C165B0 /* ListTableViewController.m */ = {isa = PBXFileReference; fileEncoding = 4; lastKnownFileType = sourcecode.c.objc; path = ListTableViewController.m; sourceTree = "<group>"; };
		C9705FAB1F52D8F0006B4CE6 /* StatTableViewController.h */ = {isa = PBXFileReference; fileEncoding = 4; lastKnownFileType = sourcecode.c.h; path = StatTableViewController.h; sourceTree = "<group>"; };
		C9705FAC1F52D8F0006B4CE6 /* StatTableViewController.m */ = {isa = PBXFileReference; fileEncoding = 4; lastKnownFileType = sourcecode.c.objc; path = StatTableViewController.m; sourceTree = "<group>"; };
		C9705FAF1F534806006B4CE6 /* SWRevealViewController.h */ = {isa = PBXFileReference; fileEncoding = 4; lastKnownFileType = sourcecode.c.h; path = SWRevealViewController.h; sourceTree = "<group>"; };
		C9705FB01F534806006B4CE6 /* SWRevealViewController.m */ = {isa = PBXFileReference; fileEncoding = 4; lastKnownFileType = sourcecode.c.objc; path = SWRevealViewController.m; sourceTree = "<group>"; };
		C97F05061F547E9A000CB5ED /* BarsViewController.h */ = {isa = PBXFileReference; fileEncoding = 4; lastKnownFileType = sourcecode.c.h; path = BarsViewController.h; sourceTree = "<group>"; };
		C97F05071F547E9A000CB5ED /* BarsViewController.m */ = {isa = PBXFileReference; fileEncoding = 4; lastKnownFileType = sourcecode.c.objc; path = BarsViewController.m; sourceTree = "<group>"; };
		C97F05091F5482F1000CB5ED /* LineViewController.h */ = {isa = PBXFileReference; fileEncoding = 4; lastKnownFileType = sourcecode.c.h; path = LineViewController.h; sourceTree = "<group>"; };
		C97F050A1F5482F2000CB5ED /* LineViewController.m */ = {isa = PBXFileReference; fileEncoding = 4; lastKnownFileType = sourcecode.c.objc; path = LineViewController.m; sourceTree = "<group>"; };
		C97F050C1F5493F6000CB5ED /* PieViewController.h */ = {isa = PBXFileReference; fileEncoding = 4; lastKnownFileType = sourcecode.c.h; path = PieViewController.h; sourceTree = "<group>"; };
		C97F050D1F5493F6000CB5ED /* PieViewController.m */ = {isa = PBXFileReference; fileEncoding = 4; lastKnownFileType = sourcecode.c.objc; path = PieViewController.m; sourceTree = "<group>"; };
		C97F054B1F55B722000CB5ED /* ServerManager.h */ = {isa = PBXFileReference; fileEncoding = 4; lastKnownFileType = sourcecode.c.h; path = ServerManager.h; sourceTree = "<group>"; };
		C97F054C1F55B722000CB5ED /* ServerManager.m */ = {isa = PBXFileReference; fileEncoding = 4; lastKnownFileType = sourcecode.c.objc; path = ServerManager.m; sourceTree = "<group>"; };
		C97F054E1F55E1BA000CB5ED /* Person.h */ = {isa = PBXFileReference; fileEncoding = 4; lastKnownFileType = sourcecode.c.h; path = Person.h; sourceTree = "<group>"; };
		C97F054F1F55E1BA000CB5ED /* Person.m */ = {isa = PBXFileReference; fileEncoding = 4; lastKnownFileType = sourcecode.c.objc; path = Person.m; sourceTree = "<group>"; };
/* End PBXFileReference section */

/* Begin PBXFrameworksBuildPhase section */
		C92B32081F4F591D00C165B0 /* Frameworks */ = {
			isa = PBXFrameworksBuildPhase;
			buildActionMask = 2147483647;
			files = (
				E291715BFAD050A3D65B0AEE /* libPods-Brixham One.a in Frameworks */,
			);
			runOnlyForDeploymentPostprocessing = 0;
		};
/* End PBXFrameworksBuildPhase section */

/* Begin PBXGroup section */
		0B5F27C51EB0AD9892ABE310 /* Pods */ = {
			isa = PBXGroup;
			children = (
				C75C8FA8F0FDD54897E762B2 /* Pods-Brixham One.debug.xcconfig */,
				8A427D8D32E39ACE47F4C864 /* Pods-Brixham One.release.xcconfig */,
			);
			name = Pods;
			sourceTree = "<group>";
		};
		AECD8D1ACA2E0670C053FFAB /* Frameworks */ = {
			isa = PBXGroup;
			children = (
				BDEB8B7E0FD0FE9DC0C4BB65 /* libPods-Brixham One.a */,
			);
			name = Frameworks;
			sourceTree = "<group>";
		};
		C92B32021F4F591C00C165B0 = {
			isa = PBXGroup;
			children = (
				C92B320D1F4F591E00C165B0 /* Brixham One */,
				C92B320C1F4F591E00C165B0 /* Products */,
				0B5F27C51EB0AD9892ABE310 /* Pods */,
				AECD8D1ACA2E0670C053FFAB /* Frameworks */,
			);
			sourceTree = "<group>";
		};
		C92B320C1F4F591E00C165B0 /* Products */ = {
			isa = PBXGroup;
			children = (
				C92B320B1F4F591E00C165B0 /* Brixham One.app */,
			);
			name = Products;
			sourceTree = "<group>";
		};
		C92B320D1F4F591E00C165B0 /* Brixham One */ = {
			isa = PBXGroup;
			children = (
				C92B32111F4F591E00C165B0 /* AppDelegate.h */,
				C92B32121F4F591E00C165B0 /* AppDelegate.m */,
				C97F05511F55E1C6000CB5ED /* Model */,
				C97F054A1F55B6E7000CB5ED /* Net */,
				C92B32481F4F59D900C165B0 /* Controllers */,
				C92B323D1F4F59BB00C165B0 /* Main.storyboard */,
				C92B321A1F4F591E00C165B0 /* Assets.xcassets */,
				C92B321C1F4F591E00C165B0 /* LaunchScreen.storyboard */,
				C92B321F1F4F591E00C165B0 /* Info.plist */,
				C9705FAE1F534806006B4CE6 /* SWRevealViewController */,
				C92B320E1F4F591E00C165B0 /* Supporting Files */,
			);
			path = "Brixham One";
			sourceTree = "<group>";
		};
		C92B320E1F4F591E00C165B0 /* Supporting Files */ = {
			isa = PBXGroup;
			children = (
				C92B320F1F4F591E00C165B0 /* main.m */,
			);
			name = "Supporting Files";
			sourceTree = "<group>";
		};
		C92B32481F4F59D900C165B0 /* Controllers */ = {
			isa = PBXGroup;
			children = (
				C92B323F1F4F59CF00C165B0 /* DateViewController.h */,
				C92B32401F4F59CF00C165B0 /* DateViewController.m */,
				C92B32411F4F59CF00C165B0 /* ListTableViewController.h */,
				C92B32421F4F59CF00C165B0 /* ListTableViewController.m */,
				C9705FAB1F52D8F0006B4CE6 /* StatTableViewController.h */,
				C9705FAC1F52D8F0006B4CE6 /* StatTableViewController.m */,
				C97F05061F547E9A000CB5ED /* BarsViewController.h */,
				C97F05071F547E9A000CB5ED /* BarsViewController.m */,
				C97F05091F5482F1000CB5ED /* LineViewController.h */,
				C97F050A1F5482F2000CB5ED /* LineViewController.m */,
				C97F050C1F5493F6000CB5ED /* PieViewController.h */,
				C97F050D1F5493F6000CB5ED /* PieViewController.m */,
			);
			name = Controllers;
			sourceTree = "<group>";
		};
		C9705FAE1F534806006B4CE6 /* SWRevealViewController */ = {
			isa = PBXGroup;
			children = (
				C9705FAF1F534806006B4CE6 /* SWRevealViewController.h */,
				C9705FB01F534806006B4CE6 /* SWRevealViewController.m */,
			);
			path = SWRevealViewController;
			sourceTree = "<group>";
		};
		C97F054A1F55B6E7000CB5ED /* Net */ = {
			isa = PBXGroup;
			children = (
				C97F054B1F55B722000CB5ED /* ServerManager.h */,
				C97F054C1F55B722000CB5ED /* ServerManager.m */,
			);
			name = Net;
			sourceTree = "<group>";
		};
		C97F05511F55E1C6000CB5ED /* Model */ = {
			isa = PBXGroup;
			children = (
				C97F054E1F55E1BA000CB5ED /* Person.h */,
				C97F054F1F55E1BA000CB5ED /* Person.m */,
			);
			name = Model;
			sourceTree = "<group>";
		};
/* End PBXGroup section */

/* Begin PBXNativeTarget section */
		C92B320A1F4F591D00C165B0 /* Brixham One */ = {
			isa = PBXNativeTarget;
			buildConfigurationList = C92B32221F4F591E00C165B0 /* Build configuration list for PBXNativeTarget "Brixham One" */;
			buildPhases = (
				94F721768C0E35218432DC49 /* [CP] Check Pods Manifest.lock */,
				C92B32071F4F591D00C165B0 /* Sources */,
				C92B32081F4F591D00C165B0 /* Frameworks */,
				C92B32091F4F591D00C165B0 /* Resources */,
				B07C1ED34ACB9A23DB8B024D /* [CP] Embed Pods Frameworks */,
				183C9F59DEA6F4935AA753FE /* [CP] Copy Pods Resources */,
			);
			buildRules = (
			);
			dependencies = (
			);
			name = "Brixham One";
			productName = "Brixham One";
			productReference = C92B320B1F4F591E00C165B0 /* Brixham One.app */;
			productType = "com.apple.product-type.application";
		};
/* End PBXNativeTarget section */

/* Begin PBXProject section */
		C92B32031F4F591D00C165B0 /* Project object */ = {
			isa = PBXProject;
			attributes = {
				LastUpgradeCheck = 0830;
				ORGANIZATIONNAME = "Александр Чегошев";
				TargetAttributes = {
					C92B320A1F4F591D00C165B0 = {
						CreatedOnToolsVersion = 8.3;
						ProvisioningStyle = Automatic;
					};
				};
			};
			buildConfigurationList = C92B32061F4F591D00C165B0 /* Build configuration list for PBXProject "Brixham One" */;
			compatibilityVersion = "Xcode 3.2";
			developmentRegion = English;
			hasScannedForEncodings = 0;
			knownRegions = (
				en,
				Base,
			);
			mainGroup = C92B32021F4F591C00C165B0;
			productRefGroup = C92B320C1F4F591E00C165B0 /* Products */;
			projectDirPath = "";
			projectRoot = "";
			targets = (
				C92B320A1F4F591D00C165B0 /* Brixham One */,
			);
		};
/* End PBXProject section */

/* Begin PBXResourcesBuildPhase section */
		C92B32091F4F591D00C165B0 /* Resources */ = {
			isa = PBXResourcesBuildPhase;
			buildActionMask = 2147483647;
			files = (
				C92B323E1F4F59BB00C165B0 /* Main.storyboard in Resources */,
				C92B321E1F4F591E00C165B0 /* LaunchScreen.storyboard in Resources */,
				C92B321B1F4F591E00C165B0 /* Assets.xcassets in Resources */,
			);
			runOnlyForDeploymentPostprocessing = 0;
		};
/* End PBXResourcesBuildPhase section */

/* Begin PBXShellScriptBuildPhase section */
		183C9F59DEA6F4935AA753FE /* [CP] Copy Pods Resources */ = {
			isa = PBXShellScriptBuildPhase;
			buildActionMask = 2147483647;
			files = (
			);
			inputPaths = (
			);
			name = "[CP] Copy Pods Resources";
			outputPaths = (
			);
			runOnlyForDeploymentPostprocessing = 0;
			shellPath = /bin/sh;
			shellScript = "\"${SRCROOT}/Pods/Target Support Files/Pods-Brixham One/Pods-Brixham One-resources.sh\"\n";
			showEnvVarsInLog = 0;
		};
		94F721768C0E35218432DC49 /* [CP] Check Pods Manifest.lock */ = {
			isa = PBXShellScriptBuildPhase;
			buildActionMask = 2147483647;
			files = (
			);
			inputPaths = (
			);
			name = "[CP] Check Pods Manifest.lock";
			outputPaths = (
			);
			runOnlyForDeploymentPostprocessing = 0;
			shellPath = /bin/sh;
			shellScript = "diff \"${PODS_PODFILE_DIR_PATH}/Podfile.lock\" \"${PODS_ROOT}/Manifest.lock\" > /dev/null\nif [ $? != 0 ] ; then\n    # print error to STDERR\n    echo \"error: The sandbox is not in sync with the Podfile.lock. Run 'pod install' or update your CocoaPods installation.\" >&2\n    exit 1\nfi\n";
			showEnvVarsInLog = 0;
		};
		B07C1ED34ACB9A23DB8B024D /* [CP] Embed Pods Frameworks */ = {
			isa = PBXShellScriptBuildPhase;
			buildActionMask = 2147483647;
			files = (
			);
			inputPaths = (
			);
			name = "[CP] Embed Pods Frameworks";
			outputPaths = (
			);
			runOnlyForDeploymentPostprocessing = 0;
			shellPath = /bin/sh;
			shellScript = "\"${SRCROOT}/Pods/Target Support Files/Pods-Brixham One/Pods-Brixham One-frameworks.sh\"\n";
			showEnvVarsInLog = 0;
		};
/* End PBXShellScriptBuildPhase section */

/* Begin PBXSourcesBuildPhase section */
		C92B32071F4F591D00C165B0 /* Sources */ = {
			isa = PBXSourcesBuildPhase;
			buildActionMask = 2147483647;
			files = (
				C97F054D1F55B722000CB5ED /* ServerManager.m in Sources */,
				C92B32131F4F591E00C165B0 /* AppDelegate.m in Sources */,
				C97F05501F55E1BA000CB5ED /* Person.m in Sources */,
				C97F05081F547E9A000CB5ED /* BarsViewController.m in Sources */,
				C92B32451F4F59CF00C165B0 /* DateViewController.m in Sources */,
				C97F050E1F5493F6000CB5ED /* PieViewController.m in Sources */,
				C92B32461F4F59CF00C165B0 /* ListTableViewController.m in Sources */,
				C9705FAD1F52D8F0006B4CE6 /* StatTableViewController.m in Sources */,
				C92B32101F4F591E00C165B0 /* main.m in Sources */,
				C97F050B1F5482F2000CB5ED /* LineViewController.m in Sources */,
				C9705FB11F534806006B4CE6 /* SWRevealViewController.m in Sources */,
			);
			runOnlyForDeploymentPostprocessing = 0;
		};
/* End PBXSourcesBuildPhase section */

/* Begin PBXVariantGroup section */
		C92B321C1F4F591E00C165B0 /* LaunchScreen.storyboard */ = {
			isa = PBXVariantGroup;
			children = (
				C92B321D1F4F591E00C165B0 /* Base */,
			);
			name = LaunchScreen.storyboard;
			sourceTree = "<group>";
		};
/* End PBXVariantGroup section */

/* Begin XCBuildConfiguration section */
		C92B32201F4F591E00C165B0 /* Debug */ = {
			isa = XCBuildConfiguration;
			buildSettings = {
				ALWAYS_SEARCH_USER_PATHS = NO;
				CLANG_ANALYZER_NONNULL = YES;
				CLANG_ANALYZER_NUMBER_OBJECT_CONVERSION = YES_AGGRESSIVE;
				CLANG_CXX_LANGUAGE_STANDARD = "gnu++0x";
				CLANG_CXX_LIBRARY = "libc++";
				CLANG_ENABLE_MODULES = YES;
				CLANG_ENABLE_OBJC_ARC = YES;
				CLANG_WARN_BOOL_CONVERSION = YES;
				CLANG_WARN_CONSTANT_CONVERSION = YES;
				CLANG_WARN_DIRECT_OBJC_ISA_USAGE = YES_ERROR;
				CLANG_WARN_DOCUMENTATION_COMMENTS = YES;
				CLANG_WARN_EMPTY_BODY = YES;
				CLANG_WARN_ENUM_CONVERSION = YES;
				CLANG_WARN_INFINITE_RECURSION = YES;
				CLANG_WARN_INT_CONVERSION = YES;
				CLANG_WARN_OBJC_ROOT_CLASS = YES_ERROR;
				CLANG_WARN_SUSPICIOUS_MOVE = YES;
				CLANG_WARN_UNREACHABLE_CODE = YES;
				CLANG_WARN__DUPLICATE_METHOD_MATCH = YES;
				"CODE_SIGN_IDENTITY[sdk=iphoneos*]" = "iPhone Developer";
				COPY_PHASE_STRIP = NO;
				DEBUG_INFORMATION_FORMAT = dwarf;
				ENABLE_STRICT_OBJC_MSGSEND = YES;
				ENABLE_TESTABILITY = YES;
				GCC_C_LANGUAGE_STANDARD = gnu99;
				GCC_DYNAMIC_NO_PIC = NO;
				GCC_NO_COMMON_BLOCKS = YES;
				GCC_OPTIMIZATION_LEVEL = 0;
				GCC_PREPROCESSOR_DEFINITIONS = (
					"DEBUG=1",
					"$(inherited)",
				);
				GCC_WARN_64_TO_32_BIT_CONVERSION = YES;
				GCC_WARN_ABOUT_RETURN_TYPE = YES_ERROR;
				GCC_WARN_UNDECLARED_SELECTOR = YES;
				GCC_WARN_UNINITIALIZED_AUTOS = YES_AGGRESSIVE;
				GCC_WARN_UNUSED_FUNCTION = YES;
				GCC_WARN_UNUSED_VARIABLE = YES;
				IPHONEOS_DEPLOYMENT_TARGET = 10.3;
				MTL_ENABLE_DEBUG_INFO = YES;
				ONLY_ACTIVE_ARCH = YES;
				SDKROOT = iphoneos;
			};
			name = Debug;
		};
		C92B32211F4F591E00C165B0 /* Release */ = {
			isa = XCBuildConfiguration;
			buildSettings = {
				ALWAYS_SEARCH_USER_PATHS = NO;
				CLANG_ANALYZER_NONNULL = YES;
				CLANG_ANALYZER_NUMBER_OBJECT_CONVERSION = YES_AGGRESSIVE;
				CLANG_CXX_LANGUAGE_STANDARD = "gnu++0x";
				CLANG_CXX_LIBRARY = "libc++";
				CLANG_ENABLE_MODULES = YES;
				CLANG_ENABLE_OBJC_ARC = YES;
				CLANG_WARN_BOOL_CONVERSION = YES;
				CLANG_WARN_CONSTANT_CONVERSION = YES;
				CLANG_WARN_DIRECT_OBJC_ISA_USAGE = YES_ERROR;
				CLANG_WARN_DOCUMENTATION_COMMENTS = YES;
				CLANG_WARN_EMPTY_BODY = YES;
				CLANG_WARN_ENUM_CONVERSION = YES;
				CLANG_WARN_INFINITE_RECURSION = YES;
				CLANG_WARN_INT_CONVERSION = YES;
				CLANG_WARN_OBJC_ROOT_CLASS = YES_ERROR;
				CLANG_WARN_SUSPICIOUS_MOVE = YES;
				CLANG_WARN_UNREACHABLE_CODE = YES;
				CLANG_WARN__DUPLICATE_METHOD_MATCH = YES;
				"CODE_SIGN_IDENTITY[sdk=iphoneos*]" = "iPhone Developer";
				COPY_PHASE_STRIP = NO;
				DEBUG_INFORMATION_FORMAT = "dwarf-with-dsym";
				ENABLE_NS_ASSERTIONS = NO;
				ENABLE_STRICT_OBJC_MSGSEND = YES;
				GCC_C_LANGUAGE_STANDARD = gnu99;
				GCC_NO_COMMON_BLOCKS = YES;
				GCC_WARN_64_TO_32_BIT_CONVERSION = YES;
				GCC_WARN_ABOUT_RETURN_TYPE = YES_ERROR;
				GCC_WARN_UNDECLARED_SELECTOR = YES;
				GCC_WARN_UNINITIALIZED_AUTOS = YES_AGGRESSIVE;
				GCC_WARN_UNUSED_FUNCTION = YES;
				GCC_WARN_UNUSED_VARIABLE = YES;
				IPHONEOS_DEPLOYMENT_TARGET = 10.3;
				MTL_ENABLE_DEBUG_INFO = NO;
				SDKROOT = iphoneos;
				VALIDATE_PRODUCT = YES;
			};
			name = Release;
		};
		C92B32231F4F591E00C165B0 /* Debug */ = {
			isa = XCBuildConfiguration;
			baseConfigurationReference = C75C8FA8F0FDD54897E762B2 /* Pods-Brixham One.debug.xcconfig */;
			buildSettings = {
				ASSETCATALOG_COMPILER_APPICON_NAME = AppIcon;
				INFOPLIST_FILE = "Brixham One/Info.plist";
				LD_RUNPATH_SEARCH_PATHS = "$(inherited) @executable_path/Frameworks";
				PRODUCT_BUNDLE_IDENTIFIER = "Chegodhev-Aleksandr.Brixham-One";
				PRODUCT_NAME = "$(TARGET_NAME)";
			};
			name = Debug;
		};
		C92B32241F4F591E00C165B0 /* Release */ = {
			isa = XCBuildConfiguration;
			baseConfigurationReference = 8A427D8D32E39ACE47F4C864 /* Pods-Brixham One.release.xcconfig */;
			buildSettings = {
				ASSETCATALOG_COMPILER_APPICON_NAME = AppIcon;
				INFOPLIST_FILE = "Brixham One/Info.plist";
				LD_RUNPATH_SEARCH_PATHS = "$(inherited) @executable_path/Frameworks";
				PRODUCT_BUNDLE_IDENTIFIER = "Chegodhev-Aleksandr.Brixham-One";
				PRODUCT_NAME = "$(TARGET_NAME)";
			};
			name = Release;
		};
/* End XCBuildConfiguration section */

/* Begin XCConfigurationList section */
		C92B32061F4F591D00C165B0 /* Build configuration list for PBXProject "Brixham One" */ = {
			isa = XCConfigurationList;
			buildConfigurations = (
				C92B32201F4F591E00C165B0 /* Debug */,
				C92B32211F4F591E00C165B0 /* Release */,
			);
			defaultConfigurationIsVisible = 0;
			defaultConfigurationName = Release;
		};
		C92B32221F4F591E00C165B0 /* Build configuration list for PBXNativeTarget "Brixham One" */ = {
			isa = XCConfigurationList;
			buildConfigurations = (
				C92B32231F4F591E00C165B0 /* Debug */,
				C92B32241F4F591E00C165B0 /* Release */,
			);
			defaultConfigurationIsVisible = 0;
			defaultConfigurationName = Release;
		};
/* End XCConfigurationList section */
	};
	rootObject = C92B32031F4F591D00C165B0 /* Project object */;
}
